
Microsoft Visual Studio Solution File, Format Version 12.00
# Visual Studio Version 17
VisualStudioVersion = 17.4.33122.133
MinimumVisualStudioVersion = 10.0.40219.1
Project("{FAE04EC0-301F-11D3-BF4B-00C04F79EFBC}") = "WpfApp1", "WpfApp1\WpfApp1.csproj", "{A41879AC-91E4-4F6B-A409-2AF66FFB4428}"
EndProject
Global
	GlobalSection(SolutionConfigurationPlatforms) = preSolution
		Debug|Any CPU = Debug|Any CPU
		Release|Any CPU = Release|Any CPU
	EndGlobalSection
	GlobalSection(ProjectConfigurationPlatforms) = postSolution
		{A41879AC-91E4-4F6B-A409-2AF66FFB4428}.Debug|Any CPU.ActiveCfg = Debug|Any CPU
		{A41879AC-91E4-4F6B-A409-2AF66FFB4428}.Debug|Any CPU.Build.0 = Debug|Any CPU
		{A41879AC-91E4-4F6B-A409-2AF66FFB4428}.Release|Any CPU.ActiveCfg = Release|Any CPU
		{A41879AC-91E4-4F6B-A409-2AF66FFB4428}.Release|Any CPU.Build.0 = Release|Any CPU
	EndGlobalSection
	GlobalSection(SolutionProperties) = preSolution
		HideSolutionNode = FALSE
	EndGlobalSection
	GlobalSection(ExtensibilityGlobals) = postSolution
		SolutionGuid = {E4CAFB3E-7AF6-44A0-9100-A156FAAD8F48}
	EndGlobalSection
EndGlobal
